<?xml version="1.0" encoding="utf-8"?>
<Project ToolsVersion="4.0" xmlns="http://schemas.microsoft.com/developer/msbuild/2003">
  <ItemGroup>
    <Filter Include="Source Files">
      <UniqueIdentifier>{4FC737F1-C7A5-4376-A066-2A32D752A2FF}</UniqueIdentifier>
      <Extensions>cpp;c;cc;cxx;c++;cppm;ixx;def;odl;idl;hpj;bat;asm;asmx</Extensions>
    </Filter>
    <Filter Include="Header Files">
      <UniqueIdentifier>{93995380-89BD-4b04-88EB-625FBE52EBFB}</UniqueIdentifier>
      <Extensions>h;hh;hpp;hxx;h++;hm;inl;inc;ipp;xsd</Extensions>
    </Filter>
    <Filter Include="Resource Files">
      <UniqueIdentifier>{67DA6AB6-F800-4c08-8B7A-83BB121AAD01}</UniqueIdentifier>
      <Extensions>rc;ico;cur;bmp;dlg;rc2;rct;bin;rgs;gif;jpg;jpeg;jpe;resx;tiff;tif;png;wav;mfcribbon-ms</Extensions>
    </Filter>
    <Filter Include="Header Files\Cube">
      <UniqueIdentifier>{9d118540-1478-486f-9e81-2b3ada0b70ed}</UniqueIdentifier>
    </Filter>
    <Filter Include="Source Files\Shaders">
      <UniqueIdentifier>{8acd25cf-8e1a-4332-a744-f7d22672f420}</UniqueIdentifier>
    </Filter>
    <Filter Include="Source Files\Cube">
      <UniqueIdentifier>{4ac7680b-5541-4bb8-abe6-b169d50ac296}</UniqueIdentifier>
    </Filter>
    <Filter Include="Header Files\Light">
      <UniqueIdentifier>{d275572c-0e9a-445a-9577-ddb6e10c4c90}</UniqueIdentifier>
    </Filter>
    <Filter Include="Source Files\Light">
      <UniqueIdentifier>{87dd78be-542b-4e4d-b5c8-83c150874fdf}</UniqueIdentifier>
    </Filter>
  </ItemGroup>
  <ItemGroup>
    <ClCompile Include="Main.cpp">
      <Filter>Source Files</Filter>
    </ClCompile>
    <ClCompile Include="Cube\BaseCube.cpp">
      <Filter>Source Files\Cube</Filter>
    </ClCompile>
    <ClCompile Include="Cube\BigCube.cpp">
      <Filter>Source Files\Cube</Filter>
    </ClCompile>
    <ClCompile Include="Cube\CustomCube.cpp">
      <Filter>Source Files\Cube</Filter>
    </ClCompile>
    <ClCompile Include="Cube\SmallCube.cpp">
      <Filter>Source Files\Cube</Filter>
    </ClCompile>
    <ClCompile Include="Cube\Cube.cpp">
      <Filter>Source Files\Cube</Filter>
    </ClCompile>
    <ClCompile Include="Light\RotatingPointLight.cpp">
      <Filter>Source Files\Light</Filter>
    </ClCompile>
    <ClCompile Include="Cube\RotatingCube.cpp">
      <Filter>Source Files\Cube</Filter>
    </ClCompile>
  </ItemGroup>
  <ItemGroup>
    <FxCompile Include="Shaders\PS.hlsl">
      <Filter>Source Files\Shaders</Filter>
    </FxCompile>
    <FxCompile Include="Shaders\VS.hlsl">
      <Filter>Source Files\Shaders</Filter>
    </FxCompile>
  </ItemGroup>
  <ItemGroup>
    <ClInclude Include="Cube\BaseCube.h">
      <Filter>Header Files\Cube</Filter>
    </ClInclude>
    <ClInclude Include="Cube\BigCube.h">
      <Filter>Header Files\Cube</Filter>
    </ClInclude>
    <ClInclude Include="Cube\SmallCube.h">
      <Filter>Header Files\Cube</Filter>
    </ClInclude>
    <ClInclude Include="Cube\CustomCube.h">
      <Filter>Header Files\Cube</Filter>
    </ClInclude>
    <ClInclude Include="Cube\Cube.h">
      <Filter>Header Files\Cube</Filter>
    </ClInclude>
    <ClInclude Include="Light\RotatingPointLight.h">
      <Filter>Header Files\Light</Filter>
    </ClInclude>
    <ClInclude Include="Cube\RotatingCube.h">
      <Filter>Header Files\Cube</Filter>
    </ClInclude>
  </ItemGroup>
  <ItemGroup>
    <None Include="Shaders\PhongShaders.fxh">
      <Filter>Source Files\Shaders</Filter>
    </None>
    <None Include="Shaders\Shaders.fxh">
      <Filter>Source Files\Shaders</Filter>
    </None>
    <None Include="Shaders\VoxelShaders.fxh">
      <Filter>Source Files\Shaders</Filter>
    </None>
    <None Include="Shaders\SkinningShaders.fxh">
      <Filter>Source Files\Shaders</Filter>
    </None>
    <None Include="Content\cyborg\cyborg.blend" />
    <None Include="Content\cyborg\cyborg.blend1" />
    <None Include="Content\cyborg\cyborg.mtl" />
  </ItemGroup>
  <ItemGroup>
    <Image Include="seafloor.dds" />
    <Image Include="swtube.dds" />
    <Image Include="Content\BobLampClean\guard1_body.jpg">
      <Filter>Resource Files</Filter>
    </Image>
    <Image Include="Content\BobLampClean\guard1_face.jpg">
      <Filter>Resource Files</Filter>
    </Image>
    <Image Include="Content\BobLampClean\guard1_helmet.jpg">
      <Filter>Resource Files</Filter>
    </Image>
    <Image Include="Content\BobLampClean\iron_grill.jpg">
      <Filter>Resource Files</Filter>
    </Image>
    <Image Include="Content\BobLampClean\round_grill.jpg">
      <Filter>Resource Files</Filter>
    </Image>
    <Image Include="Content\Common\InvalidTexture.png">
      <Filter>Resource Files</Filter>
    </Image>
    <Image Include="Content\Cube\diffuse.png">
      <Filter>Resource Files</Filter>
    </Image>
    <Image Include="Content\Cube\normal.png">
      <Filter>Resource Files</Filter>
    </Image>
    <Image Include="Content\cyborg\cyborg_diffuse.png">
      <Filter>Resource Files</Filter>
    </Image>
    <Image Include="Content\cyborg\cyborg_normal.png">
      <Filter>Resource Files</Filter>
    </Image>
    <Image Include="Content\cyborg\cyborg_specular.png">
      <Filter>Resource Files</Filter>
    </Image>
  </ItemGroup>
  <ItemGroup>
    <Text Include="Content\cyborg\LICENSE.txt" />
  </ItemGroup>
</Project>